
Microsoft Visual Studio Solution File, Format Version 12.00
# Visual Studio Version 16
VisualStudioVersion = 16.0.30907.101
MinimumVisualStudioVersion = 10.0.40219.1
Project("{9A19103F-16F7-4668-BE54-9A1E7A4F7556}") = "ConsoleApp2", "ConsoleApp2\ConsoleApp2.csproj", "{5CEAF585-2912-47BC-A36C-438EB6E0999B}"
EndProject
Project("{9A19103F-16F7-4668-BE54-9A1E7A4F7556}") = "Metotlar", "Metotlar\Metotlar.csproj", "{0B4A4282-409D-488A-A802-8778D8009437}"
EndProject
Project("{9A19103F-16F7-4668-BE54-9A1E7A4F7556}") = "Matematik", "Matematik\Matematik.csproj", "{EE728BFA-2F6A-4F5A-AA90-2923E4ADD809}"
EndProject
Project("{9A19103F-16F7-4668-BE54-9A1E7A4F7556}") = "DegerVeReferansTipleri", "DegerVeReferansTipleri\DegerVeReferansTipleri.csproj", "{BB0E9450-3580-41DD-96A7-B0668082B0D3}"
EndProject
Project("{9A19103F-16F7-4668-BE54-9A1E7A4F7556}") = "OOP", "OOP\OOP.csproj", "{225C6AED-EF53-4DDA-BEAB-9D7C6CB64B9C}"
EndProject
Project("{9A19103F-16F7-4668-BE54-9A1E7A4F7556}") = "Koleksiyonlar1", "Koleksiyonlar1\Koleksiyonlar1.csproj", "{7C1C7428-C003-43D2-9A5A-0DC1F2B00222}"
EndProject
Project("{9A19103F-16F7-4668-BE54-9A1E7A4F7556}") = "GenericsIntro", "GenericsIntro\GenericsIntro.csproj", "{6DEDC5EA-DA3A-47B8-9DBC-7419307C05F6}"
EndProject
Project("{9A19103F-16F7-4668-BE54-9A1E7A4F7556}") = "OOP3", "OOP3\OOP3.csproj", "{68974DC1-2A32-4B80-8FA9-A2B60AC89E5C}"
EndProject
Project("{9A19103F-16F7-4668-BE54-9A1E7A4F7556}") = "OOP4", "OOP4\OOP4.csproj", "{245DFEB8-E177-4469-BC49-0A98B65305DD}"
EndProject
Project("{FAE04EC0-301F-11D3-BF4B-00C04F79EFBC}") = "GameProject", "GameProject\GameProject.csproj", "{FF43F5DC-0DDF-4544-8D7C-8FBAA1863D61}"
EndProject
Global
	GlobalSection(SolutionConfigurationPlatforms) = preSolution
		Debug|Any CPU = Debug|Any CPU
		Release|Any CPU = Release|Any CPU
	EndGlobalSection
	GlobalSection(ProjectConfigurationPlatforms) = postSolution
		{5CEAF585-2912-47BC-A36C-438EB6E0999B}.Debug|Any CPU.ActiveCfg = Debug|Any CPU
		{5CEAF585-2912-47BC-A36C-438EB6E0999B}.Debug|Any CPU.Build.0 = Debug|Any CPU
		{5CEAF585-2912-47BC-A36C-438EB6E0999B}.Release|Any CPU.ActiveCfg = Release|Any CPU
		{5CEAF585-2912-47BC-A36C-438EB6E0999B}.Release|Any CPU.Build.0 = Release|Any CPU
		{0B4A4282-409D-488A-A802-8778D8009437}.Debug|Any CPU.ActiveCfg = Debug|Any CPU
		{0B4A4282-409D-488A-A802-8778D8009437}.Debug|Any CPU.Build.0 = Debug|Any CPU
		{0B4A4282-409D-488A-A802-8778D8009437}.Release|Any CPU.ActiveCfg = Release|Any CPU
		{0B4A4282-409D-488A-A802-8778D8009437}.Release|Any CPU.Build.0 = Release|Any CPU
		{EE728BFA-2F6A-4F5A-AA90-2923E4ADD809}.Debug|Any CPU.ActiveCfg = Debug|Any CPU
		{EE728BFA-2F6A-4F5A-AA90-2923E4ADD809}.Debug|Any CPU.Build.0 = Debug|Any CPU
		{EE728BFA-2F6A-4F5A-AA90-2923E4ADD809}.Release|Any CPU.ActiveCfg = Release|Any CPU
		{EE728BFA-2F6A-4F5A-AA90-2923E4ADD809}.Release|Any CPU.Build.0 = Release|Any CPU
		{BB0E9450-3580-41DD-96A7-B0668082B0D3}.Debug|Any CPU.ActiveCfg = Debug|Any CPU
		{BB0E9450-3580-41DD-96A7-B0668082B0D3}.Debug|Any CPU.Build.0 = Debug|Any CPU
		{BB0E9450-3580-41DD-96A7-B0668082B0D3}.Release|Any CPU.ActiveCfg = Release|Any CPU
		{BB0E9450-3580-41DD-96A7-B0668082B0D3}.Release|Any CPU.Build.0 = Release|Any CPU
		{225C6AED-EF53-4DDA-BEAB-9D7C6CB64B9C}.Debug|Any CPU.ActiveCfg = Debug|Any CPU
		{225C6AED-EF53-4DDA-BEAB-9D7C6CB64B9C}.Debug|Any CPU.Build.0 = Debug|Any CPU
		{225C6AED-EF53-4DDA-BEAB-9D7C6CB64B9C}.Release|Any CPU.ActiveCfg = Release|Any CPU
		{225C6AED-EF53-4DDA-BEAB-9D7C6CB64B9C}.Release|Any CPU.Build.0 = Release|Any CPU
		{7C1C7428-C003-43D2-9A5A-0DC1F2B00222}.Debug|Any CPU.ActiveCfg = Debug|Any CPU
		{7C1C7428-C003-43D2-9A5A-0DC1F2B00222}.Debug|Any CPU.Build.0 = Debug|Any CPU
		{7C1C7428-C003-43D2-9A5A-0DC1F2B00222}.Release|Any CPU.ActiveCfg = Release|Any CPU
		{7C1C7428-C003-43D2-9A5A-0DC1F2B00222}.Release|Any CPU.Build.0 = Release|Any CPU
		{6DEDC5EA-DA3A-47B8-9DBC-7419307C05F6}.Debug|Any CPU.ActiveCfg = Debug|Any CPU
		{6DEDC5EA-DA3A-47B8-9DBC-7419307C05F6}.Debug|Any CPU.Build.0 = Debug|Any CPU
		{6DEDC5EA-DA3A-47B8-9DBC-7419307C05F6}.Release|Any CPU.ActiveCfg = Release|Any CPU
		{6DEDC5EA-DA3A-47B8-9DBC-7419307C05F6}.Release|Any CPU.Build.0 = Release|Any CPU
		{68974DC1-2A32-4B80-8FA9-A2B60AC89E5C}.Debug|Any CPU.ActiveCfg = Debug|Any CPU
		{68974DC1-2A32-4B80-8FA9-A2B60AC89E5C}.Debug|Any CPU.Build.0 = Debug|Any CPU
		{68974DC1-2A32-4B80-8FA9-A2B60AC89E5C}.Release|Any CPU.ActiveCfg = Release|Any CPU
		{68974DC1-2A32-4B80-8FA9-A2B60AC89E5C}.Release|Any CPU.Build.0 = Release|Any CPU
		{245DFEB8-E177-4469-BC49-0A98B65305DD}.Debug|Any CPU.ActiveCfg = Debug|Any CPU
		{245DFEB8-E177-4469-BC49-0A98B65305DD}.Debug|Any CPU.Build.0 = Debug|Any CPU
		{245DFEB8-E177-4469-BC49-0A98B65305DD}.Release|Any CPU.ActiveCfg = Release|Any CPU
		{245DFEB8-E177-4469-BC49-0A98B65305DD}.Release|Any CPU.Build.0 = Release|Any CPU
		{FF43F5DC-0DDF-4544-8D7C-8FBAA1863D61}.Debug|Any CPU.ActiveCfg = Debug|Any CPU
		{FF43F5DC-0DDF-4544-8D7C-8FBAA1863D61}.Debug|Any CPU.Build.0 = Debug|Any CPU
		{FF43F5DC-0DDF-4544-8D7C-8FBAA1863D61}.Release|Any CPU.ActiveCfg = Release|Any CPU
		{FF43F5DC-0DDF-4544-8D7C-8FBAA1863D61}.Release|Any CPU.Build.0 = Release|Any CPU
	EndGlobalSection
	GlobalSection(SolutionProperties) = preSolution
		HideSolutionNode = FALSE
	EndGlobalSection
	GlobalSection(ExtensibilityGlobals) = postSolution
		SolutionGuid = {4E97BF3D-4F63-48D3-B510-B6B8FF2DBBE7}
	EndGlobalSection
EndGlobal
